# This file is automatically @generated by Cargo.
# It is not intended for manual editing.
version = 4

[[package]]
name = "plugify-plugin-rust"
version = "0.1.0"
dependencies = [
 "plugify",
]

[[package]]
name = "plugify"
version = "1.1.7"
source = "git+https://github.com/untrustedmodders/rust-plugify?tag=plugify-v1.1.7#6a1cd881235eb00d83d5d2081f832e5e1ba6b0d5"
