# This file is automatically @generated by Cargo.
# It is not intended for manual editing.
version = 4

[[package]]
name = "plugify"
version = "1.2.0"
source = "git+https://github.com/untrustedmodders/rust-plugify?tag=plugify-v1.2.0#25fbc955106fe1dee6a2f61c6b3763a200b1cc14"

[[package]]
name = "plugify-plugin-rust"
version = "0.1.0"
dependencies = [
 "plugify",
]
